
Microsoft Visual Studio Solution File, Format Version 12.00
# Visual Studio 15
VisualStudioVersion = 15.0.26730.10
MinimumVisualStudioVersion = 10.0.40219.1
Project("{9A19103F-16F7-4668-BE54-9A1E7A4F7556}") = "EFQueries_Demo1", "EFQueries_Demo1\EFQueries_Demo1.csproj", "{A5441C1A-13EE-4684-A45E-7D9A8ED5EFBA}"
EndProject
Project("{9A19103F-16F7-4668-BE54-9A1E7A4F7556}") = "EFCore_DepenentEntities_Demo2", "EFCore_DepenentEntities_Demo2\EFCore_DepenentEntities_Demo2.csproj", "{CC9CFB79-BD66-4F2F-81A4-E8B972E6622B}"
EndProject
Global
	GlobalSection(SolutionConfigurationPlatforms) = preSolution
		Debug|Any CPU = Debug|Any CPU
		Release|Any CPU = Release|Any CPU
	EndGlobalSection
	GlobalSection(ProjectConfigurationPlatforms) = postSolution
		{A5441C1A-13EE-4684-A45E-7D9A8ED5EFBA}.Debug|Any CPU.ActiveCfg = Debug|Any CPU
		{A5441C1A-13EE-4684-A45E-7D9A8ED5EFBA}.Debug|Any CPU.Build.0 = Debug|Any CPU
		{A5441C1A-13EE-4684-A45E-7D9A8ED5EFBA}.Release|Any CPU.ActiveCfg = Release|Any CPU
		{A5441C1A-13EE-4684-A45E-7D9A8ED5EFBA}.Release|Any CPU.Build.0 = Release|Any CPU
		{CC9CFB79-BD66-4F2F-81A4-E8B972E6622B}.Debug|Any CPU.ActiveCfg = Debug|Any CPU
		{CC9CFB79-BD66-4F2F-81A4-E8B972E6622B}.Debug|Any CPU.Build.0 = Debug|Any CPU
		{CC9CFB79-BD66-4F2F-81A4-E8B972E6622B}.Release|Any CPU.ActiveCfg = Release|Any CPU
		{CC9CFB79-BD66-4F2F-81A4-E8B972E6622B}.Release|Any CPU.Build.0 = Release|Any CPU
	EndGlobalSection
	GlobalSection(SolutionProperties) = preSolution
		HideSolutionNode = FALSE
	EndGlobalSection
	GlobalSection(ExtensibilityGlobals) = postSolution
		SolutionGuid = {66B09FAB-747C-412F-BD46-FD282DD4652D}
	EndGlobalSection
EndGlobal
