
Microsoft Visual Studio Solution File, Format Version 12.00
# Visual Studio 15
VisualStudioVersion = 15.0.26730.10
MinimumVisualStudioVersion = 10.0.40219.1
Project("{9A19103F-16F7-4668-BE54-9A1E7A4F7556}") = "Demo1_ListVsLinkedList_Iterate", "Demo1_ListVsLinkedList_Iterate\Demo1_ListVsLinkedList_Iterate.csproj", "{AED19D69-931E-455C-8FE6-DEC9E0337531}"
EndProject
Project("{9A19103F-16F7-4668-BE54-9A1E7A4F7556}") = "Demo2_ListVsLinkedList_Insert", "Demo2_ListVsLinkedList_Insert\Demo2_ListVsLinkedList_Insert.csproj", "{1BEFD631-F685-4A6C-8052-EFE7FBDDE462}"
EndProject
Project("{9A19103F-16F7-4668-BE54-9A1E7A4F7556}") = "Demo4_ListVsHashSet_BadHashCode", "Demo4_ListVsHashSet_BadHashCode\Demo4_ListVsHashSet_BadHashCode.csproj", "{04AD040C-8BD9-434C-A666-E45288A4A907}"
EndProject
Project("{9A19103F-16F7-4668-BE54-9A1E7A4F7556}") = "Demo5_SortedSetVsHashSet_SortedItems", "Demo5_SortedSetVsHashSet_SortedItems\Demo5_SortedSetVsHashSet_SortedItems.csproj", "{45A1B271-EEAD-42DD-A4A7-EAB94FC76CF7}"
EndProject
Project("{9A19103F-16F7-4668-BE54-9A1E7A4F7556}") = "Demo3_ListVsHashSet_Lookup", "Demo3_ListVsHashSet_Lookup\Demo3_ListVsHashSet_Lookup.csproj", "{F797D50D-A736-44FB-BBEF-39A5812AE94F}"
EndProject
Global
	GlobalSection(SolutionConfigurationPlatforms) = preSolution
		Debug|Any CPU = Debug|Any CPU
		Release|Any CPU = Release|Any CPU
	EndGlobalSection
	GlobalSection(ProjectConfigurationPlatforms) = postSolution
		{AED19D69-931E-455C-8FE6-DEC9E0337531}.Debug|Any CPU.ActiveCfg = Debug|Any CPU
		{AED19D69-931E-455C-8FE6-DEC9E0337531}.Debug|Any CPU.Build.0 = Debug|Any CPU
		{AED19D69-931E-455C-8FE6-DEC9E0337531}.Release|Any CPU.ActiveCfg = Release|Any CPU
		{AED19D69-931E-455C-8FE6-DEC9E0337531}.Release|Any CPU.Build.0 = Release|Any CPU
		{1BEFD631-F685-4A6C-8052-EFE7FBDDE462}.Debug|Any CPU.ActiveCfg = Debug|Any CPU
		{1BEFD631-F685-4A6C-8052-EFE7FBDDE462}.Debug|Any CPU.Build.0 = Debug|Any CPU
		{1BEFD631-F685-4A6C-8052-EFE7FBDDE462}.Release|Any CPU.ActiveCfg = Release|Any CPU
		{1BEFD631-F685-4A6C-8052-EFE7FBDDE462}.Release|Any CPU.Build.0 = Release|Any CPU
		{04AD040C-8BD9-434C-A666-E45288A4A907}.Debug|Any CPU.ActiveCfg = Debug|Any CPU
		{04AD040C-8BD9-434C-A666-E45288A4A907}.Debug|Any CPU.Build.0 = Debug|Any CPU
		{04AD040C-8BD9-434C-A666-E45288A4A907}.Release|Any CPU.ActiveCfg = Release|Any CPU
		{04AD040C-8BD9-434C-A666-E45288A4A907}.Release|Any CPU.Build.0 = Release|Any CPU
		{45A1B271-EEAD-42DD-A4A7-EAB94FC76CF7}.Debug|Any CPU.ActiveCfg = Debug|Any CPU
		{45A1B271-EEAD-42DD-A4A7-EAB94FC76CF7}.Debug|Any CPU.Build.0 = Debug|Any CPU
		{45A1B271-EEAD-42DD-A4A7-EAB94FC76CF7}.Release|Any CPU.ActiveCfg = Release|Any CPU
		{45A1B271-EEAD-42DD-A4A7-EAB94FC76CF7}.Release|Any CPU.Build.0 = Release|Any CPU
		{F797D50D-A736-44FB-BBEF-39A5812AE94F}.Debug|Any CPU.ActiveCfg = Debug|Any CPU
		{F797D50D-A736-44FB-BBEF-39A5812AE94F}.Debug|Any CPU.Build.0 = Debug|Any CPU
		{F797D50D-A736-44FB-BBEF-39A5812AE94F}.Release|Any CPU.ActiveCfg = Release|Any CPU
		{F797D50D-A736-44FB-BBEF-39A5812AE94F}.Release|Any CPU.Build.0 = Release|Any CPU
	EndGlobalSection
	GlobalSection(SolutionProperties) = preSolution
		HideSolutionNode = FALSE
	EndGlobalSection
	GlobalSection(ExtensibilityGlobals) = postSolution
		SolutionGuid = {F0B2430E-F5D7-4762-8C94-9999F83D51F0}
	EndGlobalSection
EndGlobal
