
Microsoft Visual Studio Solution File, Format Version 12.00
# Visual Studio 15
VisualStudioVersion = 15.0.26730.10
MinimumVisualStudioVersion = 10.0.40219.1
Project("{FAE04EC0-301F-11D3-BF4B-00C04F79EFBC}") = "IsPattern", "IsPattern\IsPattern.csproj", "{0515B82F-3018-4E86-9492-010371AA726D}"
EndProject
Project("{FAE04EC0-301F-11D3-BF4B-00C04F79EFBC}") = "CasePattern", "CasePattern\CasePattern.csproj", "{EE7D3C57-DEEB-404A-9585-55296A683B80}"
EndProject
Global
	GlobalSection(SolutionConfigurationPlatforms) = preSolution
		Debug|Any CPU = Debug|Any CPU
		Release|Any CPU = Release|Any CPU
	EndGlobalSection
	GlobalSection(ProjectConfigurationPlatforms) = postSolution
		{0515B82F-3018-4E86-9492-010371AA726D}.Debug|Any CPU.ActiveCfg = Debug|Any CPU
		{0515B82F-3018-4E86-9492-010371AA726D}.Debug|Any CPU.Build.0 = Debug|Any CPU
		{0515B82F-3018-4E86-9492-010371AA726D}.Release|Any CPU.ActiveCfg = Release|Any CPU
		{0515B82F-3018-4E86-9492-010371AA726D}.Release|Any CPU.Build.0 = Release|Any CPU
		{EE7D3C57-DEEB-404A-9585-55296A683B80}.Debug|Any CPU.ActiveCfg = Debug|Any CPU
		{EE7D3C57-DEEB-404A-9585-55296A683B80}.Debug|Any CPU.Build.0 = Debug|Any CPU
		{EE7D3C57-DEEB-404A-9585-55296A683B80}.Release|Any CPU.ActiveCfg = Release|Any CPU
		{EE7D3C57-DEEB-404A-9585-55296A683B80}.Release|Any CPU.Build.0 = Release|Any CPU
	EndGlobalSection
	GlobalSection(SolutionProperties) = preSolution
		HideSolutionNode = FALSE
	EndGlobalSection
	GlobalSection(ExtensibilityGlobals) = postSolution
		SolutionGuid = {68D7CA2C-3B7B-4D85-B030-28BB264F4077}
	EndGlobalSection
EndGlobal
